
Microsoft Visual Studio Solution File, Format Version 12.00
# Visual Studio Version 16
VisualStudioVersion = 16.0.31702.278
MinimumVisualStudioVersion = 10.0.40219.1
Project("{9A19103F-16F7-4668-BE54-9A1E7A4F7556}") = "StoreManager", "StoreManager\StoreManager.csproj", "{AE88E55A-63B8-444A-AF42-6668234941CF}"
EndProject
Project("{9A19103F-16F7-4668-BE54-9A1E7A4F7556}") = "Store", "Store\Store.csproj", "{F6F82126-E9B1-40F3-B436-49155A512EB5}"
EndProject
Project("{9A19103F-16F7-4668-BE54-9A1E7A4F7556}") = "LoggerService", "LoggerService\LoggerService.csproj", "{DF1C2A9C-ECD8-4AAE-9C66-FE35505189AE}"
EndProject
Project("{9A19103F-16F7-4668-BE54-9A1E7A4F7556}") = "Entities", "Entities\Entities.csproj", "{54B61693-C503-4209-858A-A241F65CDD7E}"
EndProject
Project("{9A19103F-16F7-4668-BE54-9A1E7A4F7556}") = "Repository", "Repository\Repository.csproj", "{5936FEDC-7CE3-401E-8332-63E7FD673E29}"
EndProject
Project("{E53339B2-1760-4266-BCC7-CA923CBCF16C}") = "docker-compose", "docker-compose.dcproj", "{3428B6A8-FF9C-42DE-A29B-E59FF00A9B13}"
EndProject
Project("{9A19103F-16F7-4668-BE54-9A1E7A4F7556}") = "IdentityConfigurationSample", "IdentityConfigurationSample\IdentityConfigurationSample.csproj", "{7D027141-D841-40DE-811E-BB61DE5F2B83}"
EndProject
Project("{9A19103F-16F7-4668-BE54-9A1E7A4F7556}") = "Server.Identity", "identity\IdentityServer\Server.Identity.csproj", "{D3141C12-8036-4E61-9797-35E6D9F191DB}"
EndProject
Global
	GlobalSection(SolutionConfigurationPlatforms) = preSolution
		Debug|Any CPU = Debug|Any CPU
		Release|Any CPU = Release|Any CPU
	EndGlobalSection
	GlobalSection(ProjectConfigurationPlatforms) = postSolution
		{AE88E55A-63B8-444A-AF42-6668234941CF}.Debug|Any CPU.ActiveCfg = Debug|Any CPU
		{AE88E55A-63B8-444A-AF42-6668234941CF}.Debug|Any CPU.Build.0 = Debug|Any CPU
		{AE88E55A-63B8-444A-AF42-6668234941CF}.Release|Any CPU.ActiveCfg = Release|Any CPU
		{AE88E55A-63B8-444A-AF42-6668234941CF}.Release|Any CPU.Build.0 = Release|Any CPU
		{F6F82126-E9B1-40F3-B436-49155A512EB5}.Debug|Any CPU.ActiveCfg = Debug|Any CPU
		{F6F82126-E9B1-40F3-B436-49155A512EB5}.Debug|Any CPU.Build.0 = Debug|Any CPU
		{F6F82126-E9B1-40F3-B436-49155A512EB5}.Release|Any CPU.ActiveCfg = Release|Any CPU
		{F6F82126-E9B1-40F3-B436-49155A512EB5}.Release|Any CPU.Build.0 = Release|Any CPU
		{DF1C2A9C-ECD8-4AAE-9C66-FE35505189AE}.Debug|Any CPU.ActiveCfg = Debug|Any CPU
		{DF1C2A9C-ECD8-4AAE-9C66-FE35505189AE}.Debug|Any CPU.Build.0 = Debug|Any CPU
		{DF1C2A9C-ECD8-4AAE-9C66-FE35505189AE}.Release|Any CPU.ActiveCfg = Release|Any CPU
		{DF1C2A9C-ECD8-4AAE-9C66-FE35505189AE}.Release|Any CPU.Build.0 = Release|Any CPU
		{54B61693-C503-4209-858A-A241F65CDD7E}.Debug|Any CPU.ActiveCfg = Debug|Any CPU
		{54B61693-C503-4209-858A-A241F65CDD7E}.Debug|Any CPU.Build.0 = Debug|Any CPU
		{54B61693-C503-4209-858A-A241F65CDD7E}.Release|Any CPU.ActiveCfg = Release|Any CPU
		{54B61693-C503-4209-858A-A241F65CDD7E}.Release|Any CPU.Build.0 = Release|Any CPU
		{5936FEDC-7CE3-401E-8332-63E7FD673E29}.Debug|Any CPU.ActiveCfg = Debug|Any CPU
		{5936FEDC-7CE3-401E-8332-63E7FD673E29}.Debug|Any CPU.Build.0 = Debug|Any CPU
		{5936FEDC-7CE3-401E-8332-63E7FD673E29}.Release|Any CPU.ActiveCfg = Release|Any CPU
		{5936FEDC-7CE3-401E-8332-63E7FD673E29}.Release|Any CPU.Build.0 = Release|Any CPU
		{3428B6A8-FF9C-42DE-A29B-E59FF00A9B13}.Debug|Any CPU.ActiveCfg = Debug|Any CPU
		{3428B6A8-FF9C-42DE-A29B-E59FF00A9B13}.Debug|Any CPU.Build.0 = Debug|Any CPU
		{3428B6A8-FF9C-42DE-A29B-E59FF00A9B13}.Release|Any CPU.ActiveCfg = Release|Any CPU
		{3428B6A8-FF9C-42DE-A29B-E59FF00A9B13}.Release|Any CPU.Build.0 = Release|Any CPU
		{7D027141-D841-40DE-811E-BB61DE5F2B83}.Debug|Any CPU.ActiveCfg = Debug|Any CPU
		{7D027141-D841-40DE-811E-BB61DE5F2B83}.Debug|Any CPU.Build.0 = Debug|Any CPU
		{7D027141-D841-40DE-811E-BB61DE5F2B83}.Release|Any CPU.ActiveCfg = Release|Any CPU
		{7D027141-D841-40DE-811E-BB61DE5F2B83}.Release|Any CPU.Build.0 = Release|Any CPU
		{D3141C12-8036-4E61-9797-35E6D9F191DB}.Debug|Any CPU.ActiveCfg = Debug|Any CPU
		{D3141C12-8036-4E61-9797-35E6D9F191DB}.Debug|Any CPU.Build.0 = Debug|Any CPU
		{D3141C12-8036-4E61-9797-35E6D9F191DB}.Release|Any CPU.ActiveCfg = Release|Any CPU
		{D3141C12-8036-4E61-9797-35E6D9F191DB}.Release|Any CPU.Build.0 = Release|Any CPU
	EndGlobalSection
	GlobalSection(SolutionProperties) = preSolution
		HideSolutionNode = FALSE
	EndGlobalSection
	GlobalSection(ExtensibilityGlobals) = postSolution
		SolutionGuid = {C9A107A9-E4E0-48DE-8037-35964EF4F80D}
	EndGlobalSection
EndGlobal
