
Microsoft Visual Studio Solution File, Format Version 12.00
# Visual Studio Version 16
VisualStudioVersion = 16.0.32106.194
MinimumVisualStudioVersion = 10.0.40219.1
Project("{9A19103F-16F7-4668-BE54-9A1E7A4F7556}") = "Base", "Base.csproj", "{A9069D5B-BE3D-4780-B811-589D5F44CBF6}"
EndProject
Global
	GlobalSection(SolutionConfigurationPlatforms) = preSolution
		Debug|Any CPU = Debug|Any CPU
		Release|Any CPU = Release|Any CPU
	EndGlobalSection
	GlobalSection(ProjectConfigurationPlatforms) = postSolution
		{A9069D5B-BE3D-4780-B811-589D5F44CBF6}.Debug|Any CPU.ActiveCfg = Debug|Any CPU
		{A9069D5B-BE3D-4780-B811-589D5F44CBF6}.Debug|Any CPU.Build.0 = Debug|Any CPU
		{A9069D5B-BE3D-4780-B811-589D5F44CBF6}.Release|Any CPU.ActiveCfg = Release|Any CPU
		{A9069D5B-BE3D-4780-B811-589D5F44CBF6}.Release|Any CPU.Build.0 = Release|Any CPU
	EndGlobalSection
	GlobalSection(SolutionProperties) = preSolution
		HideSolutionNode = FALSE
	EndGlobalSection
	GlobalSection(ExtensibilityGlobals) = postSolution
		SolutionGuid = {406A215F-B4C2-4DF0-BDAD-D074A228EA38}
	EndGlobalSection
EndGlobal
